# This file was autogenerated by Stack.
# You should not edit this file by hand.
# For more information, please see the documentation at:
#   https://docs.haskellstack.org/en/stable/lock_files

packages:
- completed:
    hackage: little-rio-0.1.1@sha256:a53f09f3559ba00bd4e7b88c9a4eb07b827b074f3084c431d1f971d21b8e3c4d,1312
    pantry-tree:
      size: 259
      sha256: 9e894da96eaaafd29eca1ec24ad8f1e753d0a83e5c61fbb5eeef125a150fe1e8
  original:
    hackage: little-rio-0.1.1
snapshots:
- completed:
    size: 494635
    url: https://raw.githubusercontent.com/commercialhaskell/stackage-snapshots/master/lts/15/12.yaml
    sha256: a71c4293d8f461f455ff0d9815dfe4ab2f1adacd7e0bbc9a218f46ced8c4929a
  original: lts-15.12
